// !$*UTF8*$!
{
	archiveVersion = 1;
	classes = {
	};
	objectVersion = 46;
	objects = {

/* Begin PBXBuildFile section */
		23A715B4CF6AF9F6D6C67467 /* Pods_TwitterDemo.framework in Frameworks */ = {isa = PBXBuildFile; fileRef = 0A93F6E45263A17781A639A7 /* Pods_TwitterDemo.framework */; };
		7766F6891C95201900BD0608 /* DetailViewController.swift in Sources */ = {isa = PBXBuildFile; fileRef = 7766F6881C95201900BD0608 /* DetailViewController.swift */; };
		7766F68B1C95281700BD0608 /* ComposeViewController.swift in Sources */ = {isa = PBXBuildFile; fileRef = 7766F68A1C95281700BD0608 /* ComposeViewController.swift */; };
		776B3AF71C85007B00B526DF /* User.swift in Sources */ = {isa = PBXBuildFile; fileRef = 776B3AF61C85007B00B526DF /* User.swift */; };
		776B3AF91C85008E00B526DF /* Tweet.swift in Sources */ = {isa = PBXBuildFile; fileRef = 776B3AF81C85008E00B526DF /* Tweet.swift */; };
		77973E2C1C8AA8AB0015652F /* TweetsCell.swift in Sources */ = {isa = PBXBuildFile; fileRef = 77973E2B1C8AA8AB0015652F /* TweetsCell.swift */; };
		77A287A01C8552EC00B3085E /* TwitterClient.swift in Sources */ = {isa = PBXBuildFile; fileRef = 77A2879F1C8552EC00B3085E /* TwitterClient.swift */; };
		77A287A21C855E2400B3085E /* TweetsViewController.swift in Sources */ = {isa = PBXBuildFile; fileRef = 77A287A11C855E2400B3085E /* TweetsViewController.swift */; };
		77D79AE51C840E8800430370 /* AppDelegate.swift in Sources */ = {isa = PBXBuildFile; fileRef = 77D79AE41C840E8800430370 /* AppDelegate.swift */; };
		77D79AEA1C840E8800430370 /* Main.storyboard in Resources */ = {isa = PBXBuildFile; fileRef = 77D79AE81C840E8800430370 /* Main.storyboard */; };
		77D79AEC1C840E8800430370 /* Assets.xcassets in Resources */ = {isa = PBXBuildFile; fileRef = 77D79AEB1C840E8800430370 /* Assets.xcassets */; };
		77D79AEF1C840E8800430370 /* LaunchScreen.storyboard in Resources */ = {isa = PBXBuildFile; fileRef = 77D79AED1C840E8800430370 /* LaunchScreen.storyboard */; };
		77D79AF71C84113400430370 /* LoginViewController.swift in Sources */ = {isa = PBXBuildFile; fileRef = 77D79AF61C84113400430370 /* LoginViewController.swift */; };
		77E068661C98DFEC00A09757 /* ProfileViewController.swift in Sources */ = {isa = PBXBuildFile; fileRef = 77E068651C98DFEC00A09757 /* ProfileViewController.swift */; };
/* End PBXBuildFile section */

/* Begin PBXFileReference section */
		0A93F6E45263A17781A639A7 /* Pods_TwitterDemo.framework */ = {isa = PBXFileReference; explicitFileType = wrapper.framework; includeInIndex = 0; path = Pods_TwitterDemo.framework; sourceTree = BUILT_PRODUCTS_DIR; };
		1DFEEA8FB18C34AE04972C6E /* Pods-TwitterDemo.debug.xcconfig */ = {isa = PBXFileReference; includeInIndex = 1; lastKnownFileType = text.xcconfig; name = "Pods-TwitterDemo.debug.xcconfig"; path = "Pods/Target Support Files/Pods-TwitterDemo/Pods-TwitterDemo.debug.xcconfig"; sourceTree = "<group>"; };
		7766F6881C95201900BD0608 /* DetailViewController.swift */ = {isa = PBXFileReference; fileEncoding = 4; lastKnownFileType = sourcecode.swift; path = DetailViewController.swift; sourceTree = "<group>"; };
		7766F68A1C95281700BD0608 /* ComposeViewController.swift */ = {isa = PBXFileReference; fileEncoding = 4; lastKnownFileType = sourcecode.swift; path = ComposeViewController.swift; sourceTree = "<group>"; };
		776B3AF61C85007B00B526DF /* User.swift */ = {isa = PBXFileReference; fileEncoding = 4; lastKnownFileType = sourcecode.swift; path = User.swift; sourceTree = "<group>"; };
		776B3AF81C85008E00B526DF /* Tweet.swift */ = {isa = PBXFileReference; fileEncoding = 4; lastKnownFileType = sourcecode.swift; path = Tweet.swift; sourceTree = "<group>"; };
		77973E2B1C8AA8AB0015652F /* TweetsCell.swift */ = {isa = PBXFileReference; fileEncoding = 4; lastKnownFileType = sourcecode.swift; path = TweetsCell.swift; sourceTree = "<group>"; };
		77A2879F1C8552EC00B3085E /* TwitterClient.swift */ = {isa = PBXFileReference; fileEncoding = 4; lastKnownFileType = sourcecode.swift; path = TwitterClient.swift; sourceTree = "<group>"; };
		77A287A11C855E2400B3085E /* TweetsViewController.swift */ = {isa = PBXFileReference; fileEncoding = 4; lastKnownFileType = sourcecode.swift; path = TweetsViewController.swift; sourceTree = "<group>"; };
		77D79AE11C840E8800430370 /* TwitterDemo.app */ = {isa = PBXFileReference; explicitFileType = wrapper.application; includeInIndex = 0; path = TwitterDemo.app; sourceTree = BUILT_PRODUCTS_DIR; };
		77D79AE41C840E8800430370 /* AppDelegate.swift */ = {isa = PBXFileReference; lastKnownFileType = sourcecode.swift; path = AppDelegate.swift; sourceTree = "<group>"; };
		77D79AE91C840E8800430370 /* Base */ = {isa = PBXFileReference; lastKnownFileType = file.storyboard; name = Base; path = Base.lproj/Main.storyboard; sourceTree = "<group>"; };
		77D79AEB1C840E8800430370 /* Assets.xcassets */ = {isa = PBXFileReference; lastKnownFileType = folder.assetcatalog; path = Assets.xcassets; sourceTree = "<group>"; };
		77D79AEE1C840E8800430370 /* Base */ = {isa = PBXFileReference; lastKnownFileType = file.storyboard; name = Base; path = Base.lproj/LaunchScreen.storyboard; sourceTree = "<group>"; };
		77D79AF01C840E8800430370 /* Info.plist */ = {isa = PBXFileReference; lastKnownFileType = text.plist.xml; path = Info.plist; sourceTree = "<group>"; };
		77D79AF61C84113400430370 /* LoginViewController.swift */ = {isa = PBXFileReference; fileEncoding = 4; lastKnownFileType = sourcecode.swift; path = LoginViewController.swift; sourceTree = "<group>"; };
		77E068651C98DFEC00A09757 /* ProfileViewController.swift */ = {isa = PBXFileReference; fileEncoding = 4; lastKnownFileType = sourcecode.swift; path = ProfileViewController.swift; sourceTree = "<group>"; };
		8380832649851B7C5B9E38F2 /* Pods-TwitterDemo.release.xcconfig */ = {isa = PBXFileReference; includeInIndex = 1; lastKnownFileType = text.xcconfig; name = "Pods-TwitterDemo.release.xcconfig"; path = "Pods/Target Support Files/Pods-TwitterDemo/Pods-TwitterDemo.release.xcconfig"; sourceTree = "<group>"; };
/* End PBXFileReference section */

/* Begin PBXFrameworksBuildPhase section */
		77D79ADE1C840E8800430370 /* Frameworks */ = {
			isa = PBXFrameworksBuildPhase;
			buildActionMask = 2147483647;
			files = (
				23A715B4CF6AF9F6D6C67467 /* Pods_TwitterDemo.framework in Frameworks */,
			);
			runOnlyForDeploymentPostprocessing = 0;
		};
/* End PBXFrameworksBuildPhase section */

/* Begin PBXGroup section */
		776B3AF31C85001A00B526DF /* Models */ = {
			isa = PBXGroup;
			children = (
				776B3AF61C85007B00B526DF /* User.swift */,
				776B3AF81C85008E00B526DF /* Tweet.swift */,
			);
			name = Models;
			sourceTree = "<group>";
		};
		776B3AF41C85002000B526DF /* View Controllers */ = {
			isa = PBXGroup;
			children = (
				77D79AF61C84113400430370 /* LoginViewController.swift */,
				77A287A11C855E2400B3085E /* TweetsViewController.swift */,
				7766F6881C95201900BD0608 /* DetailViewController.swift */,
				7766F68A1C95281700BD0608 /* ComposeViewController.swift */,
				77E068651C98DFEC00A09757 /* ProfileViewController.swift */,
			);
			name = "View Controllers";
			sourceTree = "<group>";
		};
		776B3AF51C85003700B526DF /* API */ = {
			isa = PBXGroup;
			children = (
				77A2879F1C8552EC00B3085E /* TwitterClient.swift */,
			);
			name = API;
			sourceTree = "<group>";
		};
		77973E2A1C8AA8790015652F /* Views */ = {
			isa = PBXGroup;
			children = (
				77973E2B1C8AA8AB0015652F /* TweetsCell.swift */,
			);
			name = Views;
			sourceTree = "<group>";
		};
		77D79AD81C840E8800430370 = {
			isa = PBXGroup;
			children = (
				77D79AE31C840E8800430370 /* TwitterDemo */,
				77D79AE21C840E8800430370 /* Products */,
				F294C4F596E977050FDDED78 /* Pods */,
				9D1131D5C7939013FD2148B0 /* Frameworks */,
			);
			sourceTree = "<group>";
		};
		77D79AE21C840E8800430370 /* Products */ = {
			isa = PBXGroup;
			children = (
				77D79AE11C840E8800430370 /* TwitterDemo.app */,
			);
			name = Products;
			sourceTree = "<group>";
		};
		77D79AE31C840E8800430370 /* TwitterDemo */ = {
			isa = PBXGroup;
			children = (
				77973E2A1C8AA8790015652F /* Views */,
				776B3AF51C85003700B526DF /* API */,
				776B3AF41C85002000B526DF /* View Controllers */,
				776B3AF31C85001A00B526DF /* Models */,
				77D79AE41C840E8800430370 /* AppDelegate.swift */,
				77D79AE81C840E8800430370 /* Main.storyboard */,
				77D79AEB1C840E8800430370 /* Assets.xcassets */,
				77D79AED1C840E8800430370 /* LaunchScreen.storyboard */,
				77D79AF01C840E8800430370 /* Info.plist */,
			);
			path = TwitterDemo;
			sourceTree = "<group>";
		};
		9D1131D5C7939013FD2148B0 /* Frameworks */ = {
			isa = PBXGroup;
			children = (
				0A93F6E45263A17781A639A7 /* Pods_TwitterDemo.framework */,
			);
			name = Frameworks;
			sourceTree = "<group>";
		};
		F294C4F596E977050FDDED78 /* Pods */ = {
			isa = PBXGroup;
			children = (
				1DFEEA8FB18C34AE04972C6E /* Pods-TwitterDemo.debug.xcconfig */,
				8380832649851B7C5B9E38F2 /* Pods-TwitterDemo.release.xcconfig */,
			);
			name = Pods;
			sourceTree = "<group>";
		};
/* End PBXGroup section */

/* Begin PBXNativeTarget section */
		77D79AE01C840E8800430370 /* TwitterDemo */ = {
			isa = PBXNativeTarget;
			buildConfigurationList = 77D79AF31C840E8800430370 /* Build configuration list for PBXNativeTarget "TwitterDemo" */;
			buildPhases = (
				94CFC0507A77A61825C9CAF4 /* Check Pods Manifest.lock */,
				77D79ADD1C840E8800430370 /* Sources */,
				77D79ADE1C840E8800430370 /* Frameworks */,
				77D79ADF1C840E8800430370 /* Resources */,
				2CFE17813F714598270F86B9 /* Embed Pods Frameworks */,
				8B38AF0543B70BC53EC0CE5F /* Copy Pods Resources */,
			);
			buildRules = (
			);
			dependencies = (
			);
			name = TwitterDemo;
			productName = TwitterDemo;
			productReference = 77D79AE11C840E8800430370 /* TwitterDemo.app */;
			productType = "com.apple.product-type.application";
		};
/* End PBXNativeTarget section */

/* Begin PBXProject section */
		77D79AD91C840E8800430370 /* Project object */ = {
			isa = PBXProject;
			attributes = {
				LastSwiftUpdateCheck = 0720;
				LastUpgradeCheck = 0720;
				ORGANIZATIONNAME = "Axel Guzman";
				TargetAttributes = {
					77D79AE01C840E8800430370 = {
						CreatedOnToolsVersion = 7.2;
						DevelopmentTeam = 98SXVL7L8K;
					};
				};
			};
			buildConfigurationList = 77D79ADC1C840E8800430370 /* Build configuration list for PBXProject "TwitterDemo" */;
			compatibilityVersion = "Xcode 3.2";
			developmentRegion = English;
			hasScannedForEncodings = 0;
			knownRegions = (
				en,
				Base,
			);
			mainGroup = 77D79AD81C840E8800430370;
			productRefGroup = 77D79AE21C840E8800430370 /* Products */;
			projectDirPath = "";
			projectRoot = "";
			targets = (
				77D79AE01C840E8800430370 /* TwitterDemo */,
			);
		};
/* End PBXProject section */

/* Begin PBXResourcesBuildPhase section */
		77D79ADF1C840E8800430370 /* Resources */ = {
			isa = PBXResourcesBuildPhase;
			buildActionMask = 2147483647;
			files = (
				77D79AEF1C840E8800430370 /* LaunchScreen.storyboard in Resources */,
				77D79AEC1C840E8800430370 /* Assets.xcassets in Resources */,
				77D79AEA1C840E8800430370 /* Main.storyboard in Resources */,
			);
			runOnlyForDeploymentPostprocessing = 0;
		};
/* End PBXResourcesBuildPhase section */

/* Begin PBXShellScriptBuildPhase section */
		2CFE17813F714598270F86B9 /* Embed Pods Frameworks */ = {
			isa = PBXShellScriptBuildPhase;
			buildActionMask = 2147483647;
			files = (
			);
			inputPaths = (
			);
			name = "Embed Pods Frameworks";
			outputPaths = (
			);
			runOnlyForDeploymentPostprocessing = 0;
			shellPath = /bin/sh;
			shellScript = "\"${SRCROOT}/Pods/Target Support Files/Pods-TwitterDemo/Pods-TwitterDemo-frameworks.sh\"\n";
			showEnvVarsInLog = 0;
		};
		8B38AF0543B70BC53EC0CE5F /* Copy Pods Resources */ = {
			isa = PBXShellScriptBuildPhase;
			buildActionMask = 2147483647;
			files = (
			);
			inputPaths = (
			);
			name = "Copy Pods Resources";
			outputPaths = (
			);
			runOnlyForDeploymentPostprocessing = 0;
			shellPath = /bin/sh;
			shellScript = "\"${SRCROOT}/Pods/Target Support Files/Pods-TwitterDemo/Pods-TwitterDemo-resources.sh\"\n";
			showEnvVarsInLog = 0;
		};
		94CFC0507A77A61825C9CAF4 /* Check Pods Manifest.lock */ = {
			isa = PBXShellScriptBuildPhase;
			buildActionMask = 2147483647;
			files = (
			);
			inputPaths = (
			);
			name = "Check Pods Manifest.lock";
			outputPaths = (
			);
			runOnlyForDeploymentPostprocessing = 0;
			shellPath = /bin/sh;
			shellScript = "diff \"${PODS_ROOT}/../Podfile.lock\" \"${PODS_ROOT}/Manifest.lock\" > /dev/null\nif [[ $? != 0 ]] ; then\n    cat << EOM\nerror: The sandbox is not in sync with the Podfile.lock. Run 'pod install' or update your CocoaPods installation.\nEOM\n    exit 1\nfi\n";
			showEnvVarsInLog = 0;
		};
/* End PBXShellScriptBuildPhase section */

/* Begin PBXSourcesBuildPhase section */
		77D79ADD1C840E8800430370 /* Sources */ = {
			isa = PBXSourcesBuildPhase;
			buildActionMask = 2147483647;
			files = (
				7766F68B1C95281700BD0608 /* ComposeViewController.swift in Sources */,
				776B3AF71C85007B00B526DF /* User.swift in Sources */,
				77E068661C98DFEC00A09757 /* ProfileViewController.swift in Sources */,
				77973E2C1C8AA8AB0015652F /* TweetsCell.swift in Sources */,
				776B3AF91C85008E00B526DF /* Tweet.swift in Sources */,
				77D79AF71C84113400430370 /* LoginViewController.swift in Sources */,
				77A287A21C855E2400B3085E /* TweetsViewController.swift in Sources */,
				77A287A01C8552EC00B3085E /* TwitterClient.swift in Sources */,
				77D79AE51C840E8800430370 /* AppDelegate.swift in Sources */,
				7766F6891C95201900BD0608 /* DetailViewController.swift in Sources */,
			);
			runOnlyForDeploymentPostprocessing = 0;
		};
/* End PBXSourcesBuildPhase section */

/* Begin PBXVariantGroup section */
		77D79AE81C840E8800430370 /* Main.storyboard */ = {
			isa = PBXVariantGroup;
			children = (
				77D79AE91C840E8800430370 /* Base */,
			);
			name = Main.storyboard;
			sourceTree = "<group>";
		};
		77D79AED1C840E8800430370 /* LaunchScreen.storyboard */ = {
			isa = PBXVariantGroup;
			children = (
				77D79AEE1C840E8800430370 /* Base */,
			);
			name = LaunchScreen.storyboard;
			sourceTree = "<group>";
		};
/* End PBXVariantGroup section */

/* Begin XCBuildConfiguration section */
		77D79AF11C840E8800430370 /* Debug */ = {
			isa = XCBuildConfiguration;
			buildSettings = {
				ALWAYS_SEARCH_USER_PATHS = NO;
				CLANG_CXX_LANGUAGE_STANDARD = "gnu++0x";
				CLANG_CXX_LIBRARY = "libc++";
				CLANG_ENABLE_MODULES = YES;
				CLANG_ENABLE_OBJC_ARC = YES;
				CLANG_WARN_BOOL_CONVERSION = YES;
				CLANG_WARN_CONSTANT_CONVERSION = YES;
				CLANG_WARN_DIRECT_OBJC_ISA_USAGE = YES_ERROR;
				CLANG_WARN_EMPTY_BODY = YES;
				CLANG_WARN_ENUM_CONVERSION = YES;
				CLANG_WARN_INT_CONVERSION = YES;
				CLANG_WARN_OBJC_ROOT_CLASS = YES_ERROR;
				CLANG_WARN_UNREACHABLE_CODE = YES;
				CLANG_WARN__DUPLICATE_METHOD_MATCH = YES;
				"CODE_SIGN_IDENTITY[sdk=iphoneos*]" = "iPhone Developer";
				COPY_PHASE_STRIP = NO;
				DEBUG_INFORMATION_FORMAT = dwarf;
				ENABLE_STRICT_OBJC_MSGSEND = YES;
				ENABLE_TESTABILITY = YES;
				GCC_C_LANGUAGE_STANDARD = gnu99;
				GCC_DYNAMIC_NO_PIC = NO;
				GCC_NO_COMMON_BLOCKS = YES;
				GCC_OPTIMIZATION_LEVEL = 0;
				GCC_PREPROCESSOR_DEFINITIONS = (
					"DEBUG=1",
					"$(inherited)",
				);
				GCC_WARN_64_TO_32_BIT_CONVERSION = YES;
				GCC_WARN_ABOUT_RETURN_TYPE = YES_ERROR;
				GCC_WARN_UNDECLARED_SELECTOR = YES;
				GCC_WARN_UNINITIALIZED_AUTOS = YES_AGGRESSIVE;
				GCC_WARN_UNUSED_FUNCTION = YES;
				GCC_WARN_UNUSED_VARIABLE = YES;
				IPHONEOS_DEPLOYMENT_TARGET = 9.2;
				MTL_ENABLE_DEBUG_INFO = YES;
				ONLY_ACTIVE_ARCH = YES;
				SDKROOT = iphoneos;
				SWIFT_OPTIMIZATION_LEVEL = "-Onone";
			};
			name = Debug;
		};
		77D79AF21C840E8800430370 /* Release */ = {
			isa = XCBuildConfiguration;
			buildSettings = {
				ALWAYS_SEARCH_USER_PATHS = NO;
				CLANG_CXX_LANGUAGE_STANDARD = "gnu++0x";
				CLANG_CXX_LIBRARY = "libc++";
				CLANG_ENABLE_MODULES = YES;
				CLANG_ENABLE_OBJC_ARC = YES;
				CLANG_WARN_BOOL_CONVERSION = YES;
				CLANG_WARN_CONSTANT_CONVERSION = YES;
				CLANG_WARN_DIRECT_OBJC_ISA_USAGE = YES_ERROR;
				CLANG_WARN_EMPTY_BODY = YES;
				CLANG_WARN_ENUM_CONVERSION = YES;
				CLANG_WARN_INT_CONVERSION = YES;
				CLANG_WARN_OBJC_ROOT_CLASS = YES_ERROR;
				CLANG_WARN_UNREACHABLE_CODE = YES;
				CLANG_WARN__DUPLICATE_METHOD_MATCH = YES;
				"CODE_SIGN_IDENTITY[sdk=iphoneos*]" = "iPhone Developer";
				COPY_PHASE_STRIP = NO;
				DEBUG_INFORMATION_FORMAT = "dwarf-with-dsym";
				ENABLE_NS_ASSERTIONS = NO;
				ENABLE_STRICT_OBJC_MSGSEND = YES;
				GCC_C_LANGUAGE_STANDARD = gnu99;
				GCC_NO_COMMON_BLOCKS = YES;
				GCC_WARN_64_TO_32_BIT_CONVERSION = YES;
				GCC_WARN_ABOUT_RETURN_TYPE = YES_ERROR;
				GCC_WARN_UNDECLARED_SELECTOR = YES;
				GCC_WARN_UNINITIALIZED_AUTOS = YES_AGGRESSIVE;
				GCC_WARN_UNUSED_FUNCTION = YES;
				GCC_WARN_UNUSED_VARIABLE = YES;
				IPHONEOS_DEPLOYMENT_TARGET = 9.2;
				MTL_ENABLE_DEBUG_INFO = NO;
				SDKROOT = iphoneos;
				VALIDATE_PRODUCT = YES;
			};
			name = Release;
		};
		77D79AF41C840E8800430370 /* Debug */ = {
			isa = XCBuildConfiguration;
			baseConfigurationReference = 1DFEEA8FB18C34AE04972C6E /* Pods-TwitterDemo.debug.xcconfig */;
			buildSettings = {
				ASSETCATALOG_COMPILER_APPICON_NAME = AppIcon;
				INFOPLIST_FILE = TwitterDemo/Info.plist;
				LD_RUNPATH_SEARCH_PATHS = "$(inherited) @executable_path/Frameworks";
				PRODUCT_BUNDLE_IDENTIFIER = AJGC.TwitterDemo;
				PRODUCT_NAME = "$(TARGET_NAME)";
			};
			name = Debug;
		};
		77D79AF51C840E8800430370 /* Release */ = {
			isa = XCBuildConfiguration;
			baseConfigurationReference = 8380832649851B7C5B9E38F2 /* Pods-TwitterDemo.release.xcconfig */;
			buildSettings = {
				ASSETCATALOG_COMPILER_APPICON_NAME = AppIcon;
				INFOPLIST_FILE = TwitterDemo/Info.plist;
				LD_RUNPATH_SEARCH_PATHS = "$(inherited) @executable_path/Frameworks";
				PRODUCT_BUNDLE_IDENTIFIER = AJGC.TwitterDemo;
				PRODUCT_NAME = "$(TARGET_NAME)";
			};
			name = Release;
		};
/* End XCBuildConfiguration section */

/* Begin XCConfigurationList section */
		77D79ADC1C840E8800430370 /* Build configuration list for PBXProject "TwitterDemo" */ = {
			isa = XCConfigurationList;
			buildConfigurations = (
				77D79AF11C840E8800430370 /* Debug */,
				77D79AF21C840E8800430370 /* Release */,
			);
			defaultConfigurationIsVisible = 0;
			defaultConfigurationName = Release;
		};
		77D79AF31C840E8800430370 /* Build configuration list for PBXNativeTarget "TwitterDemo" */ = {
			isa = XCConfigurationList;
			buildConfigurations = (
				77D79AF41C840E8800430370 /* Debug */,
				77D79AF51C840E8800430370 /* Release */,
			);
			defaultConfigurationIsVisible = 0;
			defaultConfigurationName = Release;
		};
/* End XCConfigurationList section */
	};
	rootObject = 77D79AD91C840E8800430370 /* Project object */;
}
